// !$*UTF8*$!
{
	archiveVersion = 1;
	classes = {
	};
	objectVersion = 46;
	objects = {

/* Begin PBXBuildFile section */
		6625BA4E1E4AADE700E53565 /* AppDelegate.swift in Sources */ = {isa = PBXBuildFile; fileRef = 6625BA4D1E4AADE700E53565 /* AppDelegate.swift */; };
		6625BA501E4AADE700E53565 /* ViewController.swift in Sources */ = {isa = PBXBuildFile; fileRef = 6625BA4F1E4AADE700E53565 /* ViewController.swift */; };
		6625BA531E4AADE700E53565 /* Main.storyboard in Resources */ = {isa = PBXBuildFile; fileRef = 6625BA511E4AADE700E53565 /* Main.storyboard */; };
		6625BA551E4AADE700E53565 /* Assets.xcassets in Resources */ = {isa = PBXBuildFile; fileRef = 6625BA541E4AADE700E53565 /* Assets.xcassets */; };
		6625BA581E4AADE700E53565 /* LaunchScreen.storyboard in Resources */ = {isa = PBXBuildFile; fileRef = 6625BA561E4AADE700E53565 /* LaunchScreen.storyboard */; };
		6625BA631E4AADE700E53565 /* AutoLayoutTests.swift in Sources */ = {isa = PBXBuildFile; fileRef = 6625BA621E4AADE700E53565 /* AutoLayoutTests.swift */; };
		6625BA6E1E4AADE700E53565 /* AutoLayoutUITests.swift in Sources */ = {isa = PBXBuildFile; fileRef = 6625BA6D1E4AADE700E53565 /* AutoLayoutUITests.swift */; };
/* End PBXBuildFile section */

/* Begin PBXContainerItemProxy section */
		6625BA5F1E4AADE700E53565 /* PBXContainerItemProxy */ = {
			isa = PBXContainerItemProxy;
			containerPortal = 6625BA421E4AADE700E53565 /* Project object */;
			proxyType = 1;
			remoteGlobalIDString = 6625BA491E4AADE700E53565;
			remoteInfo = AutoLayout;
		};
		6625BA6A1E4AADE700E53565 /* PBXContainerItemProxy */ = {
			isa = PBXContainerItemProxy;
			containerPortal = 6625BA421E4AADE700E53565 /* Project object */;
			proxyType = 1;
			remoteGlobalIDString = 6625BA491E4AADE700E53565;
			remoteInfo = AutoLayout;
		};
/* End PBXContainerItemProxy section */

/* Begin PBXFileReference section */
		6625BA4A1E4AADE700E53565 /* AutoLayout.app */ = {isa = PBXFileReference; explicitFileType = wrapper.application; includeInIndex = 0; path = AutoLayout.app; sourceTree = BUILT_PRODUCTS_DIR; };
		6625BA4D1E4AADE700E53565 /* AppDelegate.swift */ = {isa = PBXFileReference; lastKnownFileType = sourcecode.swift; path = AppDelegate.swift; sourceTree = "<group>"; };
		6625BA4F1E4AADE700E53565 /* ViewController.swift */ = {isa = PBXFileReference; lastKnownFileType = sourcecode.swift; path = ViewController.swift; sourceTree = "<group>"; };
		6625BA521E4AADE700E53565 /* Base */ = {isa = PBXFileReference; lastKnownFileType = file.storyboard; name = Base; path = Base.lproj/Main.storyboard; sourceTree = "<group>"; };
		6625BA541E4AADE700E53565 /* Assets.xcassets */ = {isa = PBXFileReference; lastKnownFileType = folder.assetcatalog; path = Assets.xcassets; sourceTree = "<group>"; };
		6625BA571E4AADE700E53565 /* Base */ = {isa = PBXFileReference; lastKnownFileType = file.storyboard; name = Base; path = Base.lproj/LaunchScreen.storyboard; sourceTree = "<group>"; };
		6625BA591E4AADE700E53565 /* Info.plist */ = {isa = PBXFileReference; lastKnownFileType = text.plist.xml; path = Info.plist; sourceTree = "<group>"; };
		6625BA5E1E4AADE700E53565 /* AutoLayoutTests.xctest */ = {isa = PBXFileReference; explicitFileType = wrapper.cfbundle; includeInIndex = 0; path = AutoLayoutTests.xctest; sourceTree = BUILT_PRODUCTS_DIR; };
		6625BA621E4AADE700E53565 /* AutoLayoutTests.swift */ = {isa = PBXFileReference; lastKnownFileType = sourcecode.swift; path = AutoLayoutTests.swift; sourceTree = "<group>"; };
		6625BA641E4AADE700E53565 /* Info.plist */ = {isa = PBXFileReference; lastKnownFileType = text.plist.xml; path = Info.plist; sourceTree = "<group>"; };
		6625BA691E4AADE700E53565 /* AutoLayoutUITests.xctest */ = {isa = PBXFileReference; explicitFileType = wrapper.cfbundle; includeInIndex = 0; path = AutoLayoutUITests.xctest; sourceTree = BUILT_PRODUCTS_DIR; };
		6625BA6D1E4AADE700E53565 /* AutoLayoutUITests.swift */ = {isa = PBXFileReference; lastKnownFileType = sourcecode.swift; path = AutoLayoutUITests.swift; sourceTree = "<group>"; };
		6625BA6F1E4AADE700E53565 /* Info.plist */ = {isa = PBXFileReference; lastKnownFileType = text.plist.xml; path = Info.plist; sourceTree = "<group>"; };
/* End PBXFileReference section */

/* Begin PBXFrameworksBuildPhase section */
		6625BA471E4AADE700E53565 /* Frameworks */ = {
			isa = PBXFrameworksBuildPhase;
			buildActionMask = 2147483647;
			files = (
			);
			runOnlyForDeploymentPostprocessing = 0;
		};
		6625BA5B1E4AADE700E53565 /* Frameworks */ = {
			isa = PBXFrameworksBuildPhase;
			buildActionMask = 2147483647;
			files = (
			);
			runOnlyForDeploymentPostprocessing = 0;
		};
		6625BA661E4AADE700E53565 /* Frameworks */ = {
			isa = PBXFrameworksBuildPhase;
			buildActionMask = 2147483647;
			files = (
			);
			runOnlyForDeploymentPostprocessing = 0;
		};
/* End PBXFrameworksBuildPhase section */

/* Begin PBXGroup section */
		6625BA411E4AADE700E53565 = {
			isa = PBXGroup;
			children = (
				6625BA4C1E4AADE700E53565 /* AutoLayout */,
				6625BA611E4AADE700E53565 /* AutoLayoutTests */,
				6625BA6C1E4AADE700E53565 /* AutoLayoutUITests */,
				6625BA4B1E4AADE700E53565 /* Products */,
			);
			sourceTree = "<group>";
		};
		6625BA4B1E4AADE700E53565 /* Products */ = {
			isa = PBXGroup;
			children = (
				6625BA4A1E4AADE700E53565 /* AutoLayout.app */,
				6625BA5E1E4AADE700E53565 /* AutoLayoutTests.xctest */,
				6625BA691E4AADE700E53565 /* AutoLayoutUITests.xctest */,
			);
			name = Products;
			sourceTree = "<group>";
		};
		6625BA4C1E4AADE700E53565 /* AutoLayout */ = {
			isa = PBXGroup;
			children = (
				6625BA4D1E4AADE700E53565 /* AppDelegate.swift */,
				6625BA4F1E4AADE700E53565 /* ViewController.swift */,
				6625BA511E4AADE700E53565 /* Main.storyboard */,
				6625BA541E4AADE700E53565 /* Assets.xcassets */,
				6625BA561E4AADE700E53565 /* LaunchScreen.storyboard */,
				6625BA591E4AADE700E53565 /* Info.plist */,
			);
			path = AutoLayout;
			sourceTree = "<group>";
		};
		6625BA611E4AADE700E53565 /* AutoLayoutTests */ = {
			isa = PBXGroup;
			children = (
				6625BA621E4AADE700E53565 /* AutoLayoutTests.swift */,
				6625BA641E4AADE700E53565 /* Info.plist */,
			);
			path = AutoLayoutTests;
			sourceTree = "<group>";
		};
		6625BA6C1E4AADE700E53565 /* AutoLayoutUITests */ = {
			isa = PBXGroup;
			children = (
				6625BA6D1E4AADE700E53565 /* AutoLayoutUITests.swift */,
				6625BA6F1E4AADE700E53565 /* Info.plist */,
			);
			path = AutoLayoutUITests;
			sourceTree = "<group>";
		};
/* End PBXGroup section */

/* Begin PBXNativeTarget section */
		6625BA491E4AADE700E53565 /* AutoLayout */ = {
			isa = PBXNativeTarget;
			buildConfigurationList = 6625BA721E4AADE700E53565 /* Build configuration list for PBXNativeTarget "AutoLayout" */;
			buildPhases = (
				6625BA461E4AADE700E53565 /* Sources */,
				6625BA471E4AADE700E53565 /* Frameworks */,
				6625BA481E4AADE700E53565 /* Resources */,
			);
			buildRules = (
			);
			dependencies = (
			);
			name = AutoLayout;
			productName = AutoLayout;
			productReference = 6625BA4A1E4AADE700E53565 /* AutoLayout.app */;
			productType = "com.apple.product-type.application";
		};
		6625BA5D1E4AADE700E53565 /* AutoLayoutTests */ = {
			isa = PBXNativeTarget;
			buildConfigurationList = 6625BA751E4AADE700E53565 /* Build configuration list for PBXNativeTarget "AutoLayoutTests" */;
			buildPhases = (
				6625BA5A1E4AADE700E53565 /* Sources */,
				6625BA5B1E4AADE700E53565 /* Frameworks */,
				6625BA5C1E4AADE700E53565 /* Resources */,
			);
			buildRules = (
			);
			dependencies = (
				6625BA601E4AADE700E53565 /* PBXTargetDependency */,
			);
			name = AutoLayoutTests;
			productName = AutoLayoutTests;
			productReference = 6625BA5E1E4AADE700E53565 /* AutoLayoutTests.xctest */;
			productType = "com.apple.product-type.bundle.unit-test";
		};
		6625BA681E4AADE700E53565 /* AutoLayoutUITests */ = {
			isa = PBXNativeTarget;
			buildConfigurationList = 6625BA781E4AADE700E53565 /* Build configuration list for PBXNativeTarget "AutoLayoutUITests" */;
			buildPhases = (
				6625BA651E4AADE700E53565 /* Sources */,
				6625BA661E4AADE700E53565 /* Frameworks */,
				6625BA671E4AADE700E53565 /* Resources */,
			);
			buildRules = (
			);
			dependencies = (
				6625BA6B1E4AADE700E53565 /* PBXTargetDependency */,
			);
			name = AutoLayoutUITests;
			productName = AutoLayoutUITests;
			productReference = 6625BA691E4AADE700E53565 /* AutoLayoutUITests.xctest */;
			productType = "com.apple.product-type.bundle.ui-testing";
		};
/* End PBXNativeTarget section */

/* Begin PBXProject section */
		6625BA421E4AADE700E53565 /* Project object */ = {
			isa = PBXProject;
			attributes = {
				LastSwiftUpdateCheck = 0820;
				LastUpgradeCheck = 0820;
				ORGANIZATIONNAME = owlsogul;
				TargetAttributes = {
					6625BA491E4AADE700E53565 = {
						CreatedOnToolsVersion = 8.2.1;
						ProvisioningStyle = Automatic;
					};
					6625BA5D1E4AADE700E53565 = {
						CreatedOnToolsVersion = 8.2.1;
						ProvisioningStyle = Automatic;
						TestTargetID = 6625BA491E4AADE700E53565;
					};
					6625BA681E4AADE700E53565 = {
						CreatedOnToolsVersion = 8.2.1;
						ProvisioningStyle = Automatic;
						TestTargetID = 6625BA491E4AADE700E53565;
					};
				};
			};
			buildConfigurationList = 6625BA451E4AADE700E53565 /* Build configuration list for PBXProject "AutoLayout" */;
			compatibilityVersion = "Xcode 3.2";
			developmentRegion = English;
			hasScannedForEncodings = 0;
			knownRegions = (
				en,
				Base,
			);
			mainGroup = 6625BA411E4AADE700E53565;
			productRefGroup = 6625BA4B1E4AADE700E53565 /* Products */;
			projectDirPath = "";
			projectRoot = "";
			targets = (
				6625BA491E4AADE700E53565 /* AutoLayout */,
				6625BA5D1E4AADE700E53565 /* AutoLayoutTests */,
				6625BA681E4AADE700E53565 /* AutoLayoutUITests */,
			);
		};
/* End PBXProject section */

/* Begin PBXResourcesBuildPhase section */
		6625BA481E4AADE700E53565 /* Resources */ = {
			isa = PBXResourcesBuildPhase;
			buildActionMask = 2147483647;
			files = (
				6625BA581E4AADE700E53565 /* LaunchScreen.storyboard in Resources */,
				6625BA551E4AADE700E53565 /* Assets.xcassets in Resources */,
				6625BA531E4AADE700E53565 /* Main.storyboard in Resources */,
			);
			runOnlyForDeploymentPostprocessing = 0;
		};
		6625BA5C1E4AADE700E53565 /* Resources */ = {
			isa = PBXResourcesBuildPhase;
			buildActionMask = 2147483647;
			files = (
			);
			runOnlyForDeploymentPostprocessing = 0;
		};
		6625BA671E4AADE700E53565 /* Resources */ = {
			isa = PBXResourcesBuildPhase;
			buildActionMask = 2147483647;
			files = (
			);
			runOnlyForDeploymentPostprocessing = 0;
		};
/* End PBXResourcesBuildPhase section */

/* Begin PBXSourcesBuildPhase section */
		6625BA461E4AADE700E53565 /* Sources */ = {
			isa = PBXSourcesBuildPhase;
			buildActionMask = 2147483647;
			files = (
				6625BA501E4AADE700E53565 /* ViewController.swift in Sources */,
				6625BA4E1E4AADE700E53565 /* AppDelegate.swift in Sources */,
			);
			runOnlyForDeploymentPostprocessing = 0;
		};
		6625BA5A1E4AADE700E53565 /* Sources */ = {
			isa = PBXSourcesBuildPhase;
			buildActionMask = 2147483647;
			files = (
				6625BA631E4AADE700E53565 /* AutoLayoutTests.swift in Sources */,
			);
			runOnlyForDeploymentPostprocessing = 0;
		};
		6625BA651E4AADE700E53565 /* Sources */ = {
			isa = PBXSourcesBuildPhase;
			buildActionMask = 2147483647;
			files = (
				6625BA6E1E4AADE700E53565 /* AutoLayoutUITests.swift in Sources */,
			);
			runOnlyForDeploymentPostprocessing = 0;
		};
/* End PBXSourcesBuildPhase section */

/* Begin PBXTargetDependency section */
		6625BA601E4AADE700E53565 /* PBXTargetDependency */ = {
			isa = PBXTargetDependency;
			target = 6625BA491E4AADE700E53565 /* AutoLayout */;
			targetProxy = 6625BA5F1E4AADE700E53565 /* PBXContainerItemProxy */;
		};
		6625BA6B1E4AADE700E53565 /* PBXTargetDependency */ = {
			isa = PBXTargetDependency;
			target = 6625BA491E4AADE700E53565 /* AutoLayout */;
			targetProxy = 6625BA6A1E4AADE700E53565 /* PBXContainerItemProxy */;
		};
/* End PBXTargetDependency section */

/* Begin PBXVariantGroup section */
		6625BA511E4AADE700E53565 /* Main.storyboard */ = {
			isa = PBXVariantGroup;
			children = (
				6625BA521E4AADE700E53565 /* Base */,
			);
			name = Main.storyboard;
			sourceTree = "<group>";
		};
		6625BA561E4AADE700E53565 /* LaunchScreen.storyboard */ = {
			isa = PBXVariantGroup;
			children = (
				6625BA571E4AADE700E53565 /* Base */,
			);
			name = LaunchScreen.storyboard;
			sourceTree = "<group>";
		};
/* End PBXVariantGroup section */

/* Begin XCBuildConfiguration section */
		6625BA701E4AADE700E53565 /* Debug */ = {
			isa = XCBuildConfiguration;
			buildSettings = {
				ALWAYS_SEARCH_USER_PATHS = NO;
				CLANG_ANALYZER_NONNULL = YES;
				CLANG_CXX_LANGUAGE_STANDARD = "gnu++0x";
				CLANG_CXX_LIBRARY = "libc++";
				CLANG_ENABLE_MODULES = YES;
				CLANG_ENABLE_OBJC_ARC = YES;
				CLANG_WARN_BOOL_CONVERSION = YES;
				CLANG_WARN_CONSTANT_CONVERSION = YES;
				CLANG_WARN_DIRECT_OBJC_ISA_USAGE = YES_ERROR;
				CLANG_WARN_DOCUMENTATION_COMMENTS = YES;
				CLANG_WARN_EMPTY_BODY = YES;
				CLANG_WARN_ENUM_CONVERSION = YES;
				CLANG_WARN_INFINITE_RECURSION = YES;
				CLANG_WARN_INT_CONVERSION = YES;
				CLANG_WARN_OBJC_ROOT_CLASS = YES_ERROR;
				CLANG_WARN_SUSPICIOUS_MOVE = YES;
				CLANG_WARN_UNREACHABLE_CODE = YES;
				CLANG_WARN__DUPLICATE_METHOD_MATCH = YES;
				"CODE_SIGN_IDENTITY[sdk=iphoneos*]" = "iPhone Developer";
				COPY_PHASE_STRIP = NO;
				DEBUG_INFORMATION_FORMAT = dwarf;
				ENABLE_STRICT_OBJC_MSGSEND = YES;
				ENABLE_TESTABILITY = YES;
				GCC_C_LANGUAGE_STANDARD = gnu99;
				GCC_DYNAMIC_NO_PIC = NO;
				GCC_NO_COMMON_BLOCKS = YES;
				GCC_OPTIMIZATION_LEVEL = 0;
				GCC_PREPROCESSOR_DEFINITIONS = (
					"DEBUG=1",
					"$(inherited)",
				);
				GCC_WARN_64_TO_32_BIT_CONVERSION = YES;
				GCC_WARN_ABOUT_RETURN_TYPE = YES_ERROR;
				GCC_WARN_UNDECLARED_SELECTOR = YES;
				GCC_WARN_UNINITIALIZED_AUTOS = YES_AGGRESSIVE;
				GCC_WARN_UNUSED_FUNCTION = YES;
				GCC_WARN_UNUSED_VARIABLE = YES;
				IPHONEOS_DEPLOYMENT_TARGET = 10.2;
				MTL_ENABLE_DEBUG_INFO = YES;
				ONLY_ACTIVE_ARCH = YES;
				SDKROOT = iphoneos;
				SWIFT_ACTIVE_COMPILATION_CONDITIONS = DEBUG;
				SWIFT_OPTIMIZATION_LEVEL = "-Onone";
			};
			name = Debug;
		};
		6625BA711E4AADE700E53565 /* Release */ = {
			isa = XCBuildConfiguration;
			buildSettings = {
				ALWAYS_SEARCH_USER_PATHS = NO;
				CLANG_ANALYZER_NONNULL = YES;
				CLANG_CXX_LANGUAGE_STANDARD = "gnu++0x";
				CLANG_CXX_LIBRARY = "libc++";
				CLANG_ENABLE_MODULES = YES;
				CLANG_ENABLE_OBJC_ARC = YES;
				CLANG_WARN_BOOL_CONVERSION = YES;
				CLANG_WARN_CONSTANT_CONVERSION = YES;
				CLANG_WARN_DIRECT_OBJC_ISA_USAGE = YES_ERROR;
				CLANG_WARN_DOCUMENTATION_COMMENTS = YES;
				CLANG_WARN_EMPTY_BODY = YES;
				CLANG_WARN_ENUM_CONVERSION = YES;
				CLANG_WARN_INFINITE_RECURSION = YES;
				CLANG_WARN_INT_CONVERSION = YES;
				CLANG_WARN_OBJC_ROOT_CLASS = YES_ERROR;
				CLANG_WARN_SUSPICIOUS_MOVE = YES;
				CLANG_WARN_UNREACHABLE_CODE = YES;
				CLANG_WARN__DUPLICATE_METHOD_MATCH = YES;
				"CODE_SIGN_IDENTITY[sdk=iphoneos*]" = "iPhone Developer";
				COPY_PHASE_STRIP = NO;
				DEBUG_INFORMATION_FORMAT = "dwarf-with-dsym";
				ENABLE_NS_ASSERTIONS = NO;
				ENABLE_STRICT_OBJC_MSGSEND = YES;
				GCC_C_LANGUAGE_STANDARD = gnu99;
				GCC_NO_COMMON_BLOCKS = YES;
				GCC_WARN_64_TO_32_BIT_CONVERSION = YES;
				GCC_WARN_ABOUT_RETURN_TYPE = YES_ERROR;
				GCC_WARN_UNDECLARED_SELECTOR = YES;
				GCC_WARN_UNINITIALIZED_AUTOS = YES_AGGRESSIVE;
				GCC_WARN_UNUSED_FUNCTION = YES;
				GCC_WARN_UNUSED_VARIABLE = YES;
				IPHONEOS_DEPLOYMENT_TARGET = 10.2;
				MTL_ENABLE_DEBUG_INFO = NO;
				SDKROOT = iphoneos;
				SWIFT_OPTIMIZATION_LEVEL = "-Owholemodule";
				VALIDATE_PRODUCT = YES;
			};
			name = Release;
		};
		6625BA731E4AADE700E53565 /* Debug */ = {
			isa = XCBuildConfiguration;
			buildSettings = {
				ASSETCATALOG_COMPILER_APPICON_NAME = AppIcon;
				INFOPLIST_FILE = AutoLayout/Info.plist;
				LD_RUNPATH_SEARCH_PATHS = "$(inherited) @executable_path/Frameworks";
				PRODUCT_BUNDLE_IDENTIFIER = me.blog.owlsogul.AutoLayout;
				PRODUCT_NAME = "$(TARGET_NAME)";
				SWIFT_VERSION = 3.0;
			};
			name = Debug;
		};
		6625BA741E4AADE700E53565 /* Release */ = {
			isa = XCBuildConfiguration;
			buildSettings = {
				ASSETCATALOG_COMPILER_APPICON_NAME = AppIcon;
				INFOPLIST_FILE = AutoLayout/Info.plist;
				LD_RUNPATH_SEARCH_PATHS = "$(inherited) @executable_path/Frameworks";
				PRODUCT_BUNDLE_IDENTIFIER = me.blog.owlsogul.AutoLayout;
				PRODUCT_NAME = "$(TARGET_NAME)";
				SWIFT_VERSION = 3.0;
			};
			name = Release;
		};
		6625BA761E4AADE700E53565 /* Debug */ = {
			isa = XCBuildConfiguration;
			buildSettings = {
				ALWAYS_EMBED_SWIFT_STANDARD_LIBRARIES = YES;
				BUNDLE_LOADER = "$(TEST_HOST)";
				INFOPLIST_FILE = AutoLayoutTests/Info.plist;
				LD_RUNPATH_SEARCH_PATHS = "$(inherited) @executable_path/Frameworks @loader_path/Frameworks";
				PRODUCT_BUNDLE_IDENTIFIER = me.blog.owlsogul.AutoLayoutTests;
				PRODUCT_NAME = "$(TARGET_NAME)";
				SWIFT_VERSION = 3.0;
				TEST_HOST = "$(BUILT_PRODUCTS_DIR)/AutoLayout.app/AutoLayout";
			};
			name = Debug;
		};
		6625BA771E4AADE700E53565 /* Release */ = {
			isa = XCBuildConfiguration;
			buildSettings = {
				ALWAYS_EMBED_SWIFT_STANDARD_LIBRARIES = YES;
				BUNDLE_LOADER = "$(TEST_HOST)";
				INFOPLIST_FILE = AutoLayoutTests/Info.plist;
				LD_RUNPATH_SEARCH_PATHS = "$(inherited) @executable_path/Frameworks @loader_path/Frameworks";
				PRODUCT_BUNDLE_IDENTIFIER = me.blog.owlsogul.AutoLayoutTests;
				PRODUCT_NAME = "$(TARGET_NAME)";
				SWIFT_VERSION = 3.0;
				TEST_HOST = "$(BUILT_PRODUCTS_DIR)/AutoLayout.app/AutoLayout";
			};
			name = Release;
		};
		6625BA791E4AADE700E53565 /* Debug */ = {
			isa = XCBuildConfiguration;
			buildSettings = {
				ALWAYS_EMBED_SWIFT_STANDARD_LIBRARIES = YES;
				INFOPLIST_FILE = AutoLayoutUITests/Info.plist;
				LD_RUNPATH_SEARCH_PATHS = "$(inherited) @executable_path/Frameworks @loader_path/Frameworks";
				PRODUCT_BUNDLE_IDENTIFIER = me.blog.owlsogul.AutoLayoutUITests;
				PRODUCT_NAME = "$(TARGET_NAME)";
				SWIFT_VERSION = 3.0;
				TEST_TARGET_NAME = AutoLayout;
			};
			name = Debug;
		};
		6625BA7A1E4AADE700E53565 /* Release */ = {
			isa = XCBuildConfiguration;
			buildSettings = {
				ALWAYS_EMBED_SWIFT_STANDARD_LIBRARIES = YES;
				INFOPLIST_FILE = AutoLayoutUITests/Info.plist;
				LD_RUNPATH_SEARCH_PATHS = "$(inherited) @executable_path/Frameworks @loader_path/Frameworks";
				PRODUCT_BUNDLE_IDENTIFIER = me.blog.owlsogul.AutoLayoutUITests;
				PRODUCT_NAME = "$(TARGET_NAME)";
				SWIFT_VERSION = 3.0;
				TEST_TARGET_NAME = AutoLayout;
			};
			name = Release;
		};
/* End XCBuildConfiguration section */

/* Begin XCConfigurationList section */
		6625BA451E4AADE700E53565 /* Build configuration list for PBXProject "AutoLayout" */ = {
			isa = XCConfigurationList;
			buildConfigurations = (
				6625BA701E4AADE700E53565 /* Debug */,
				6625BA711E4AADE700E53565 /* Release */,
			);
			defaultConfigurationIsVisible = 0;
			defaultConfigurationName = Release;
		};
		6625BA721E4AADE700E53565 /* Build configuration list for PBXNativeTarget "AutoLayout" */ = {
			isa = XCConfigurationList;
			buildConfigurations = (
				6625BA731E4AADE700E53565 /* Debug */,
				6625BA741E4AADE700E53565 /* Release */,
			);
			defaultConfigurationIsVisible = 0;
		};
		6625BA751E4AADE700E53565 /* Build configuration list for PBXNativeTarget "AutoLayoutTests" */ = {
			isa = XCConfigurationList;
			buildConfigurations = (
				6625BA761E4AADE700E53565 /* Debug */,
				6625BA771E4AADE700E53565 /* Release */,
			);
			defaultConfigurationIsVisible = 0;
		};
		6625BA781E4AADE700E53565 /* Build configuration list for PBXNativeTarget "AutoLayoutUITests" */ = {
			isa = XCConfigurationList;
			buildConfigurations = (
				6625BA791E4AADE700E53565 /* Debug */,
				6625BA7A1E4AADE700E53565 /* Release */,
			);
			defaultConfigurationIsVisible = 0;
		};
/* End XCConfigurationList section */
	};
	rootObject = 6625BA421E4AADE700E53565 /* Project object */;
}
